
Microsoft Visual Studio Solution File, Format Version 12.00
# Visual Studio Version 16
VisualStudioVersion = 16.0.29806.167
MinimumVisualStudioVersion = 10.0.40219.1
Project("{9A19103F-16F7-4668-BE54-9A1E7A4F7556}") = "IntegrationTestCore", "IntegrationTestCore\IntegrationTestCore.csproj", "{531AF292-4908-420A-A9E0-F51AB012AF51}"
EndProject
Project("{FAE04EC0-301F-11D3-BF4B-00C04F79EFBC}") = "IntegrationTestCore.Tests", "IntegrationTestCore.Tests\IntegrationTestCore.Tests.csproj", "{83BFFC00-AA49-42B5-ACD5-C769AA347AA0}"
EndProject
Global
	GlobalSection(SolutionConfigurationPlatforms) = preSolution
		Debug|Any CPU = Debug|Any CPU
		Release|Any CPU = Release|Any CPU
	EndGlobalSection
	GlobalSection(ProjectConfigurationPlatforms) = postSolution
		{531AF292-4908-420A-A9E0-F51AB012AF51}.Debug|Any CPU.ActiveCfg = Debug|Any CPU
		{531AF292-4908-420A-A9E0-F51AB012AF51}.Debug|Any CPU.Build.0 = Debug|Any CPU
		{531AF292-4908-420A-A9E0-F51AB012AF51}.Release|Any CPU.ActiveCfg = Release|Any CPU
		{531AF292-4908-420A-A9E0-F51AB012AF51}.Release|Any CPU.Build.0 = Release|Any CPU
		{83BFFC00-AA49-42B5-ACD5-C769AA347AA0}.Debug|Any CPU.ActiveCfg = Debug|Any CPU
		{83BFFC00-AA49-42B5-ACD5-C769AA347AA0}.Debug|Any CPU.Build.0 = Debug|Any CPU
		{83BFFC00-AA49-42B5-ACD5-C769AA347AA0}.Release|Any CPU.ActiveCfg = Release|Any CPU
		{83BFFC00-AA49-42B5-ACD5-C769AA347AA0}.Release|Any CPU.Build.0 = Release|Any CPU
	EndGlobalSection
	GlobalSection(SolutionProperties) = preSolution
		HideSolutionNode = FALSE
	EndGlobalSection
	GlobalSection(ExtensibilityGlobals) = postSolution
		SolutionGuid = {1230C40B-2B11-4150-B555-72C141C001DF}
	EndGlobalSection
EndGlobal
